
Microsoft Visual Studio Solution File, Format Version 12.00
# Visual Studio 15
VisualStudioVersion = 15.0.28010.2026
MinimumVisualStudioVersion = 10.0.40219.1
Project("{FAE04EC0-301F-11D3-BF4B-00C04F79EFBC}") = "DemoApp.Android", "DemoApp\DemoApp.Android\DemoApp.Android.csproj", "{FB2F64B4-19E2-48C0-9CBE-808554FABCB9}"
EndProject
Project("{FAE04EC0-301F-11D3-BF4B-00C04F79EFBC}") = "DemoApp.iOS", "DemoApp\DemoApp.iOS\DemoApp.iOS.csproj", "{9213EBD6-9840-4F6F-8E01-6FEA6AA91F7E}"
EndProject
Project("{FAE04EC0-301F-11D3-BF4B-00C04F79EFBC}") = "DemoApp", "DemoApp\DemoApp\DemoApp.csproj", "{CC660496-841E-4C49-9690-1D09C61FE323}"
EndProject
Global
	GlobalSection(SolutionConfigurationPlatforms) = preSolution
		Ad-Hoc|Any CPU = Ad-Hoc|Any CPU
		Ad-Hoc|iPhone = Ad-Hoc|iPhone
		Ad-Hoc|iPhoneSimulator = Ad-Hoc|iPhoneSimulator
		AppStore|Any CPU = AppStore|Any CPU
		AppStore|iPhone = AppStore|iPhone
		AppStore|iPhoneSimulator = AppStore|iPhoneSimulator
		Debug|Any CPU = Debug|Any CPU
		Debug|iPhone = Debug|iPhone
		Debug|iPhoneSimulator = Debug|iPhoneSimulator
		Release|Any CPU = Release|Any CPU
		Release|iPhone = Release|iPhone
		Release|iPhoneSimulator = Release|iPhoneSimulator
	EndGlobalSection
	GlobalSection(ProjectConfigurationPlatforms) = postSolution
		{FB2F64B4-19E2-48C0-9CBE-808554FABCB9}.Ad-Hoc|Any CPU.ActiveCfg = Release|Any CPU
		{FB2F64B4-19E2-48C0-9CBE-808554FABCB9}.Ad-Hoc|Any CPU.Build.0 = Release|Any CPU
		{FB2F64B4-19E2-48C0-9CBE-808554FABCB9}.Ad-Hoc|Any CPU.Deploy.0 = Release|Any CPU
		{FB2F64B4-19E2-48C0-9CBE-808554FABCB9}.Ad-Hoc|iPhone.ActiveCfg = Release|Any CPU
		{FB2F64B4-19E2-48C0-9CBE-808554FABCB9}.Ad-Hoc|iPhone.Build.0 = Release|Any CPU
		{FB2F64B4-19E2-48C0-9CBE-808554FABCB9}.Ad-Hoc|iPhone.Deploy.0 = Release|Any CPU
		{FB2F64B4-19E2-48C0-9CBE-808554FABCB9}.Ad-Hoc|iPhoneSimulator.ActiveCfg = Release|Any CPU
		{FB2F64B4-19E2-48C0-9CBE-808554FABCB9}.Ad-Hoc|iPhoneSimulator.Build.0 = Release|Any CPU
		{FB2F64B4-19E2-48C0-9CBE-808554FABCB9}.Ad-Hoc|iPhoneSimulator.Deploy.0 = Release|Any CPU
		{FB2F64B4-19E2-48C0-9CBE-808554FABCB9}.AppStore|Any CPU.ActiveCfg = Release|Any CPU
		{FB2F64B4-19E2-48C0-9CBE-808554FABCB9}.AppStore|Any CPU.Build.0 = Release|Any CPU
		{FB2F64B4-19E2-48C0-9CBE-808554FABCB9}.AppStore|Any CPU.Deploy.0 = Release|Any CPU
		{FB2F64B4-19E2-48C0-9CBE-808554FABCB9}.AppStore|iPhone.ActiveCfg = Release|Any CPU
		{FB2F64B4-19E2-48C0-9CBE-808554FABCB9}.AppStore|iPhone.Build.0 = Release|Any CPU
		{FB2F64B4-19E2-48C0-9CBE-808554FABCB9}.AppStore|iPhone.Deploy.0 = Release|Any CPU
		{FB2F64B4-19E2-48C0-9CBE-808554FABCB9}.AppStore|iPhoneSimulator.ActiveCfg = Release|Any CPU
		{FB2F64B4-19E2-48C0-9CBE-808554FABCB9}.AppStore|iPhoneSimulator.Build.0 = Release|Any CPU
		{FB2F64B4-19E2-48C0-9CBE-808554FABCB9}.AppStore|iPhoneSimulator.Deploy.0 = Release|Any CPU
		{FB2F64B4-19E2-48C0-9CBE-808554FABCB9}.Debug|Any CPU.ActiveCfg = Debug|Any CPU
		{FB2F64B4-19E2-48C0-9CBE-808554FABCB9}.Debug|Any CPU.Build.0 = Debug|Any CPU
		{FB2F64B4-19E2-48C0-9CBE-808554FABCB9}.Debug|Any CPU.Deploy.0 = Debug|Any CPU
		{FB2F64B4-19E2-48C0-9CBE-808554FABCB9}.Debug|iPhone.ActiveCfg = Debug|Any CPU
		{FB2F64B4-19E2-48C0-9CBE-808554FABCB9}.Debug|iPhone.Build.0 = Debug|Any CPU
		{FB2F64B4-19E2-48C0-9CBE-808554FABCB9}.Debug|iPhone.Deploy.0 = Debug|Any CPU
		{FB2F64B4-19E2-48C0-9CBE-808554FABCB9}.Debug|iPhoneSimulator.ActiveCfg = Debug|Any CPU
		{FB2F64B4-19E2-48C0-9CBE-808554FABCB9}.Debug|iPhoneSimulator.Build.0 = Debug|Any CPU
		{FB2F64B4-19E2-48C0-9CBE-808554FABCB9}.Debug|iPhoneSimulator.Deploy.0 = Debug|Any CPU
		{FB2F64B4-19E2-48C0-9CBE-808554FABCB9}.Release|Any CPU.ActiveCfg = Release|Any CPU
		{FB2F64B4-19E2-48C0-9CBE-808554FABCB9}.Release|Any CPU.Build.0 = Release|Any CPU
		{FB2F64B4-19E2-48C0-9CBE-808554FABCB9}.Release|Any CPU.Deploy.0 = Release|Any CPU
		{FB2F64B4-19E2-48C0-9CBE-808554FABCB9}.Release|iPhone.ActiveCfg = Release|Any CPU
		{FB2F64B4-19E2-48C0-9CBE-808554FABCB9}.Release|iPhone.Build.0 = Release|Any CPU
		{FB2F64B4-19E2-48C0-9CBE-808554FABCB9}.Release|iPhone.Deploy.0 = Release|Any CPU
		{FB2F64B4-19E2-48C0-9CBE-808554FABCB9}.Release|iPhoneSimulator.ActiveCfg = Release|Any CPU
		{FB2F64B4-19E2-48C0-9CBE-808554FABCB9}.Release|iPhoneSimulator.Build.0 = Release|Any CPU
		{FB2F64B4-19E2-48C0-9CBE-808554FABCB9}.Release|iPhoneSimulator.Deploy.0 = Release|Any CPU
		{9213EBD6-9840-4F6F-8E01-6FEA6AA91F7E}.Ad-Hoc|Any CPU.ActiveCfg = Ad-Hoc|iPhone
		{9213EBD6-9840-4F6F-8E01-6FEA6AA91F7E}.Ad-Hoc|Any CPU.Build.0 = Ad-Hoc|iPhone
		{9213EBD6-9840-4F6F-8E01-6FEA6AA91F7E}.Ad-Hoc|Any CPU.Deploy.0 = Ad-Hoc|iPhone
		{9213EBD6-9840-4F6F-8E01-6FEA6AA91F7E}.Ad-Hoc|iPhone.ActiveCfg = Ad-Hoc|iPhone
		{9213EBD6-9840-4F6F-8E01-6FEA6AA91F7E}.Ad-Hoc|iPhone.Build.0 = Ad-Hoc|iPhone
		{9213EBD6-9840-4F6F-8E01-6FEA6AA91F7E}.Ad-Hoc|iPhone.Deploy.0 = Ad-Hoc|iPhone
		{9213EBD6-9840-4F6F-8E01-6FEA6AA91F7E}.Ad-Hoc|iPhoneSimulator.ActiveCfg = Ad-Hoc|iPhoneSimulator
		{9213EBD6-9840-4F6F-8E01-6FEA6AA91F7E}.Ad-Hoc|iPhoneSimulator.Build.0 = Ad-Hoc|iPhoneSimulator
		{9213EBD6-9840-4F6F-8E01-6FEA6AA91F7E}.Ad-Hoc|iPhoneSimulator.Deploy.0 = Ad-Hoc|iPhoneSimulator
		{9213EBD6-9840-4F6F-8E01-6FEA6AA91F7E}.AppStore|Any CPU.ActiveCfg = AppStore|iPhone
		{9213EBD6-9840-4F6F-8E01-6FEA6AA91F7E}.AppStore|Any CPU.Build.0 = AppStore|iPhone
		{9213EBD6-9840-4F6F-8E01-6FEA6AA91F7E}.AppStore|Any CPU.Deploy.0 = AppStore|iPhone
		{9213EBD6-9840-4F6F-8E01-6FEA6AA91F7E}.AppStore|iPhone.ActiveCfg = AppStore|iPhone
		{9213EBD6-9840-4F6F-8E01-6FEA6AA91F7E}.AppStore|iPhone.Build.0 = AppStore|iPhone
		{9213EBD6-9840-4F6F-8E01-6FEA6AA91F7E}.AppStore|iPhone.Deploy.0 = AppStore|iPhone
		{9213EBD6-9840-4F6F-8E01-6FEA6AA91F7E}.AppStore|iPhoneSimulator.ActiveCfg = AppStore|iPhoneSimulator
		{9213EBD6-9840-4F6F-8E01-6FEA6AA91F7E}.AppStore|iPhoneSimulator.Build.0 = AppStore|iPhoneSimulator
		{9213EBD6-9840-4F6F-8E01-6FEA6AA91F7E}.AppStore|iPhoneSimulator.Deploy.0 = AppStore|iPhoneSimulator
		{9213EBD6-9840-4F6F-8E01-6FEA6AA91F7E}.Debug|Any CPU.ActiveCfg = Debug|iPhoneSimulator
		{9213EBD6-9840-4F6F-8E01-6FEA6AA91F7E}.Debug|Any CPU.Build.0 = Debug|iPhoneSimulator
		{9213EBD6-9840-4F6F-8E01-6FEA6AA91F7E}.Debug|Any CPU.Deploy.0 = Debug|iPhoneSimulator
		{9213EBD6-9840-4F6F-8E01-6FEA6AA91F7E}.Debug|iPhone.ActiveCfg = Debug|iPhone
		{9213EBD6-9840-4F6F-8E01-6FEA6AA91F7E}.Debug|iPhone.Build.0 = Debug|iPhone
		{9213EBD6-9840-4F6F-8E01-6FEA6AA91F7E}.Debug|iPhone.Deploy.0 = Debug|iPhone
		{9213EBD6-9840-4F6F-8E01-6FEA6AA91F7E}.Debug|iPhoneSimulator.ActiveCfg = Debug|iPhoneSimulator
		{9213EBD6-9840-4F6F-8E01-6FEA6AA91F7E}.Debug|iPhoneSimulator.Build.0 = Debug|iPhoneSimulator
		{9213EBD6-9840-4F6F-8E01-6FEA6AA91F7E}.Debug|iPhoneSimulator.Deploy.0 = Debug|iPhoneSimulator
		{9213EBD6-9840-4F6F-8E01-6FEA6AA91F7E}.Release|Any CPU.ActiveCfg = Release|iPhone
		{9213EBD6-9840-4F6F-8E01-6FEA6AA91F7E}.Release|Any CPU.Build.0 = Release|iPhone
		{9213EBD6-9840-4F6F-8E01-6FEA6AA91F7E}.Release|Any CPU.Deploy.0 = Release|iPhone
		{9213EBD6-9840-4F6F-8E01-6FEA6AA91F7E}.Release|iPhone.ActiveCfg = Release|iPhone
		{9213EBD6-9840-4F6F-8E01-6FEA6AA91F7E}.Release|iPhone.Build.0 = Release|iPhone
		{9213EBD6-9840-4F6F-8E01-6FEA6AA91F7E}.Release|iPhone.Deploy.0 = Release|iPhone
		{9213EBD6-9840-4F6F-8E01-6FEA6AA91F7E}.Release|iPhoneSimulator.ActiveCfg = Release|iPhoneSimulator
		{9213EBD6-9840-4F6F-8E01-6FEA6AA91F7E}.Release|iPhoneSimulator.Build.0 = Release|iPhoneSimulator
		{9213EBD6-9840-4F6F-8E01-6FEA6AA91F7E}.Release|iPhoneSimulator.Deploy.0 = Release|iPhoneSimulator
		{CC660496-841E-4C49-9690-1D09C61FE323}.Ad-Hoc|Any CPU.ActiveCfg = Debug|Any CPU
		{CC660496-841E-4C49-9690-1D09C61FE323}.Ad-Hoc|Any CPU.Build.0 = Debug|Any CPU
		{CC660496-841E-4C49-9690-1D09C61FE323}.Ad-Hoc|Any CPU.Deploy.0 = Debug|Any CPU
		{CC660496-841E-4C49-9690-1D09C61FE323}.Ad-Hoc|iPhone.ActiveCfg = Debug|Any CPU
		{CC660496-841E-4C49-9690-1D09C61FE323}.Ad-Hoc|iPhone.Build.0 = Debug|Any CPU
		{CC660496-841E-4C49-9690-1D09C61FE323}.Ad-Hoc|iPhone.Deploy.0 = Debug|Any CPU
		{CC660496-841E-4C49-9690-1D09C61FE323}.Ad-Hoc|iPhoneSimulator.ActiveCfg = Debug|Any CPU
		{CC660496-841E-4C49-9690-1D09C61FE323}.Ad-Hoc|iPhoneSimulator.Build.0 = Debug|Any CPU
		{CC660496-841E-4C49-9690-1D09C61FE323}.Ad-Hoc|iPhoneSimulator.Deploy.0 = Debug|Any CPU
		{CC660496-841E-4C49-9690-1D09C61FE323}.AppStore|Any CPU.ActiveCfg = Debug|Any CPU
		{CC660496-841E-4C49-9690-1D09C61FE323}.AppStore|Any CPU.Build.0 = Debug|Any CPU
		{CC660496-841E-4C49-9690-1D09C61FE323}.AppStore|Any CPU.Deploy.0 = Debug|Any CPU
		{CC660496-841E-4C49-9690-1D09C61FE323}.AppStore|iPhone.ActiveCfg = Debug|Any CPU
		{CC660496-841E-4C49-9690-1D09C61FE323}.AppStore|iPhone.Build.0 = Debug|Any CPU
		{CC660496-841E-4C49-9690-1D09C61FE323}.AppStore|iPhone.Deploy.0 = Debug|Any CPU
		{CC660496-841E-4C49-9690-1D09C61FE323}.AppStore|iPhoneSimulator.ActiveCfg = Debug|Any CPU
		{CC660496-841E-4C49-9690-1D09C61FE323}.AppStore|iPhoneSimulator.Build.0 = Debug|Any CPU
		{CC660496-841E-4C49-9690-1D09C61FE323}.AppStore|iPhoneSimulator.Deploy.0 = Debug|Any CPU
		{CC660496-841E-4C49-9690-1D09C61FE323}.Debug|Any CPU.ActiveCfg = Debug|Any CPU
		{CC660496-841E-4C49-9690-1D09C61FE323}.Debug|Any CPU.Build.0 = Debug|Any CPU
		{CC660496-841E-4C49-9690-1D09C61FE323}.Debug|Any CPU.Deploy.0 = Debug|Any CPU
		{CC660496-841E-4C49-9690-1D09C61FE323}.Debug|iPhone.ActiveCfg = Debug|Any CPU
		{CC660496-841E-4C49-9690-1D09C61FE323}.Debug|iPhone.Build.0 = Debug|Any CPU
		{CC660496-841E-4C49-9690-1D09C61FE323}.Debug|iPhone.Deploy.0 = Debug|Any CPU
		{CC660496-841E-4C49-9690-1D09C61FE323}.Debug|iPhoneSimulator.ActiveCfg = Debug|Any CPU
		{CC660496-841E-4C49-9690-1D09C61FE323}.Debug|iPhoneSimulator.Build.0 = Debug|Any CPU
		{CC660496-841E-4C49-9690-1D09C61FE323}.Debug|iPhoneSimulator.Deploy.0 = Debug|Any CPU
		{CC660496-841E-4C49-9690-1D09C61FE323}.Release|Any CPU.ActiveCfg = Release|Any CPU
		{CC660496-841E-4C49-9690-1D09C61FE323}.Release|Any CPU.Build.0 = Release|Any CPU
		{CC660496-841E-4C49-9690-1D09C61FE323}.Release|Any CPU.Deploy.0 = Release|Any CPU
		{CC660496-841E-4C49-9690-1D09C61FE323}.Release|iPhone.ActiveCfg = Release|Any CPU
		{CC660496-841E-4C49-9690-1D09C61FE323}.Release|iPhone.Build.0 = Release|Any CPU
		{CC660496-841E-4C49-9690-1D09C61FE323}.Release|iPhone.Deploy.0 = Release|Any CPU
		{CC660496-841E-4C49-9690-1D09C61FE323}.Release|iPhoneSimulator.ActiveCfg = Release|Any CPU
		{CC660496-841E-4C49-9690-1D09C61FE323}.Release|iPhoneSimulator.Build.0 = Release|Any CPU
		{CC660496-841E-4C49-9690-1D09C61FE323}.Release|iPhoneSimulator.Deploy.0 = Release|Any CPU
	EndGlobalSection
	GlobalSection(SolutionProperties) = preSolution
		HideSolutionNode = FALSE
	EndGlobalSection
	GlobalSection(ExtensibilityGlobals) = postSolution
		SolutionGuid = {8CEF62A3-6C40-4764-9A9B-6D21F7A7F505}
	EndGlobalSection
EndGlobal
